
Microsoft Visual Studio Solution File, Format Version 12.00
# Visual Studio Version 16
VisualStudioVersion = 16.0.29306.81
MinimumVisualStudioVersion = 10.0.40219.1
Project("{FAE04EC0-301F-11D3-BF4B-00C04F79EFBC}") = "WebSocket_Master_Server", "WebSocket_Master_Server.csproj", "{40CF069F-245A-422A-8757-A8A4E0006870}"
EndProject
Global
	GlobalSection(SolutionConfigurationPlatforms) = preSolution
		Debug|Any CPU = Debug|Any CPU
		Release|Any CPU = Release|Any CPU
	EndGlobalSection
	GlobalSection(ProjectConfigurationPlatforms) = postSolution
		{40CF069F-245A-422A-8757-A8A4E0006870}.Debug|Any CPU.ActiveCfg = Debug|Any CPU
		{40CF069F-245A-422A-8757-A8A4E0006870}.Debug|Any CPU.Build.0 = Debug|Any CPU
		{40CF069F-245A-422A-8757-A8A4E0006870}.Release|Any CPU.ActiveCfg = Release|Any CPU
		{40CF069F-245A-422A-8757-A8A4E0006870}.Release|Any CPU.Build.0 = Release|Any CPU
	EndGlobalSection
	GlobalSection(SolutionProperties) = preSolution
		HideSolutionNode = FALSE
	EndGlobalSection
	GlobalSection(ExtensibilityGlobals) = postSolution
		SolutionGuid = {6D8CE9C5-64F8-464E-90FA-AB984D624084}
	EndGlobalSection
EndGlobal
